PODS:
  - MultiPlatformLibrary (0.3.2)

DEPENDENCIES:
  - MultiPlatformLibrary (from `../mpp-library`)

EXTERNAL SOURCES:
  MultiPlatformLibrary:
    :path: "../mpp-library"

SPEC CHECKSUMS:
  MultiPlatformLibrary: 977eec0a79d59711bba1652e58f27ba94abb371d

PODFILE CHECKSUM: e8746dc30e9d53a96c59e8f821148cde03ea8c5b

COCOAPODS: 1.10.1
