PODS:
  - MultiPlatformLibrary (0.3.1)

DEPENDENCIES:
  - MultiPlatformLibrary (from `../mpp-library`)

EXTERNAL SOURCES:
  MultiPlatformLibrary:
    :path: "../mpp-library"

SPEC CHECKSUMS:
  MultiPlatformLibrary: 5f0f4dfd4a95a1b6e698631cc4425e922ab03125

PODFILE CHECKSUM: e8746dc30e9d53a96c59e8f821148cde03ea8c5b

COCOAPODS: 1.9.3
